lockfileVersion: '6.0'

settings:
  autoInstallPeers: true
  excludeLinksFromLockfile: false

overrides:
  vue@2.7: 2.7.10
  vue@3: 3.3.4
  vue3: npm:vue@3.3.4

importers:

  .:
    dependencies:
      rimraf:
        specifier: ^4.1.3
        version: registry.npmmirror.com/rimraf@4.2.0
      vue:
        specifier: 3.3.4
        version: registry.npmmirror.com/vue@3.3.4

  common/hooks:
    dependencies:
      '@vueuse/core':
        specifier: '*'
        version: registry.npmmirror.com/@vueuse/core@9.13.0(vue@2.6.0)
      vue:
        specifier: 2.6.0
        version: registry.npmmirror.com/vue@2.6.0

  common/utils:
    dependencies:
      lodash:
        specifier: '*'
        version: registry.npmmirror.com/lodash@4.17.21

  more/hooks:
    dependencies:
      '@vueuse/core':
        specifier: '*'
        version: registry.npmmirror.com/@vueuse/core@9.13.0(vue@3.3.4)

  more/hooks/utils:
    dependencies:
      lodash:
        specifier: '*'
        version: registry.npmmirror.com/lodash@4.17.21

  more/utils:
    dependencies:
      lodash:
        specifier: '*'
        version: registry.npmmirror.com/lodash@4.17.21

  more/utils/hooks:
    dependencies:
      '@vueuse/core':
        specifier: '*'
        version: registry.npmmirror.com/@vueuse/core@9.13.0(vue@3.3.4)

  more/utils/hooks/utils:
    dependencies:
      lodash:
        specifier: '*'
        version: registry.npmmirror.com/lodash@4.17.21

  mores/hooks:
    dependencies:
      '@vueuse/core':
        specifier: '*'
        version: registry.npmmirror.com/@vueuse/core@9.13.0(vue@3.3.4)
      vue:
        specifier: 3.3.4
        version: registry.npmmirror.com/vue@3.3.4

  mores/hooks/utils:
    dependencies:
      lodash:
        specifier: '*'
        version: registry.npmmirror.com/lodash@4.17.21

  mores/utils:
    dependencies:
      lodash:
        specifier: '*'
        version: registry.npmmirror.com/lodash@4.17.21
      vue:
        specifier: 2.7.10
        version: registry.npmmirror.com/vue@2.7.10
      vue2:
        specifier: npm:vue@2.6.14
        version: registry.npmmirror.com/vue@2.6.14
      vue2.7:
        specifier: npm:vue@2.7.10
        version: registry.npmmirror.com/vue@2.7.10
      vue3:
        specifier: npm:vue@3.3.4
        version: registry.npmmirror.com/vue@3.3.4

  mores/utils/hooks:
    dependencies:
      '@vueuse/core':
        specifier: '*'
        version: registry.npmmirror.com/@vueuse/core@9.13.0(vue@3.3.4)

  mores/utils/hooks/utils:
    dependencies:
      lodash:
        specifier: '*'
        version: registry.npmmirror.com/lodash@4.17.21

  packages/hooks:
    dependencies:
      '@vueuse/core':
        specifier: '*'
        version: registry.npmmirror.com/@vueuse/core@9.13.0(vue@3.3.4)

  packages/utils:
    dependencies:
      lodash:
        specifier: '*'
        version: registry.npmmirror.com/lodash@4.17.21

  play:
    dependencies:
      lodash:
        specifier: '*'
        version: registry.npmmirror.com/lodash@4.17.21

  play/child:
    dependencies:
      lodash:
        specifier: '*'
        version: registry.npmmirror.com/lodash@4.17.21

  single:
    dependencies:
      lodash:
        specifier: '*'
        version: registry.npmmirror.com/lodash@4.17.21

  single/child:
    dependencies:
      lodash:
        specifier: '*'
        version: registry.npmmirror.com/lodash@4.17.21

  single/child/childs:
    dependencies:
      lodash:
        specifier: '*'
        version: registry.npmmirror.com/lodash@4.17.21

  single/child/childs/son:
    dependencies:
      lodash:
        specifier: '*'
        version: registry.npmmirror.com/lodash@4.17.21

  single/child/childs/son/childs:
    dependencies:
      lodash:
        specifier: '*'
        version: registry.npmmirror.com/lodash@4.17.21

  single/son:
    dependencies:
      lodash:
        specifier: '*'
        version: registry.npmmirror.com/lodash@4.17.21

  single/son/childs:
    dependencies:
      lodash:
        specifier: '*'
        version: registry.npmmirror.com/lodash@4.17.21

packages:

  registry.npmmirror.com/@babel/helper-string-parser@7.22.5:
    resolution: {integrity: sha512-mM4COjgZox8U+JcXQwPijIZLElkgEpO5rsERVDJTc2qfCDfERyob6k5WegS14SX18IIjv+XD+GrqNumY5JRCDw==, registry: https://registry.npm.taobao.org/, tarball: https://registry.npmmirror.com/@babel/helper-string-parser/-/helper-string-parser-7.22.5.tgz}
    name: '@babel/helper-string-parser'
    version: 7.22.5
    engines: {node: '>=6.9.0'}
    dev: false

  registry.npmmirror.com/@babel/helper-validator-identifier@7.22.5:
    resolution: {integrity: sha512-aJXu+6lErq8ltp+JhkJUfk1MTGyuA4v7f3pA+BJ5HLfNC6nAQ0Cpi9uOquUj8Hehg0aUiHzWQbOVJGao6ztBAQ==, registry: https://registry.npm.taobao.org/, tarball: https://registry.npmmirror.com/@babel/helper-validator-identifier/-/helper-validator-identifier-7.22.5.tgz}
    name: '@babel/helper-validator-identifier'
    version: 7.22.5
    engines: {node: '>=6.9.0'}
    dev: false

  registry.npmmirror.com/@babel/parser@7.22.14:
    resolution: {integrity: sha512-1KucTHgOvaw/LzCVrEOAyXkr9rQlp0A1HiHRYnSUE9dmb8PvPW7o5sscg+5169r54n3vGlbx6GevTE/Iw/P3AQ==, registry: https://registry.npm.taobao.org/, tarball: https://registry.npmmirror.com/@babel/parser/-/parser-7.22.14.tgz}
    name: '@babel/parser'
    version: 7.22.14
    engines: {node: '>=6.0.0'}
    hasBin: true
    dependencies:
      '@babel/types': registry.npmmirror.com/@babel/types@7.22.11
    dev: false

  registry.npmmirror.com/@babel/types@7.22.11:
    resolution: {integrity: sha512-siazHiGuZRz9aB9NpHy9GOs9xiQPKnMzgdr493iI1M67vRXpnEq8ZOOKzezC5q7zwuQ6sDhdSp4SD9ixKSqKZg==, registry: https://registry.npm.taobao.org/, tarball: https://registry.npmmirror.com/@babel/types/-/types-7.22.11.tgz}
    name: '@babel/types'
    version: 7.22.11
    engines: {node: '>=6.9.0'}
    dependencies:
      '@babel/helper-string-parser': registry.npmmirror.com/@babel/helper-string-parser@7.22.5
      '@babel/helper-validator-identifier': registry.npmmirror.com/@babel/helper-validator-identifier@7.22.5
      to-fast-properties: registry.npmmirror.com/to-fast-properties@2.0.0
    dev: false

  registry.npmmirror.com/@jridgewell/sourcemap-codec@1.4.15:
    resolution: {integrity: sha512-eF2rxCRulEKXHTRiDrDy6erMYWqNw4LPdQ8UQA4huuxaQsVeRPFl2oM8oDGxMFhJUWZf9McpLtJasDDZb/Bpeg==, registry: https://registry.npm.taobao.org/, tarball: https://registry.npmmirror.com/@jridgewell/sourcemap-codec/-/sourcemap-codec-1.4.15.tgz}
    name: '@jridgewell/sourcemap-codec'
    version: 1.4.15
    dev: false

  registry.npmmirror.com/@types/web-bluetooth@0.0.16:
    resolution: {integrity: sha512-oh8q2Zc32S6gd/j50GowEjKLoOVOwHP/bWVjKJInBwQqdOYMdPrf1oVlelTlyfFK3CKxL1uahMDAr+vy8T7yMQ==, registry: https://registry.npm.taobao.org/, tarball: https://registry.npmmirror.com/@types/web-bluetooth/-/web-bluetooth-0.0.16.tgz}
    name: '@types/web-bluetooth'
    version: 0.0.16
    dev: false

  registry.npmmirror.com/@vue/compiler-core@3.3.4:
    resolution: {integrity: sha512-cquyDNvZ6jTbf/+x+AgM2Arrp6G4Dzbb0R64jiG804HRMfRiFXWI6kqUVqZ6ZR0bQhIoQjB4+2bhNtVwndW15g==, registry: https://registry.npm.taobao.org/, tarball: https://registry.npmmirror.com/@vue/compiler-core/-/compiler-core-3.3.4.tgz}
    name: '@vue/compiler-core'
    version: 3.3.4
    dependencies:
      '@babel/parser': registry.npmmirror.com/@babel/parser@7.22.14
      '@vue/shared': registry.npmmirror.com/@vue/shared@3.3.4
      estree-walker: registry.npmmirror.com/estree-walker@2.0.2
      source-map-js: registry.npmmirror.com/source-map-js@1.0.2
    dev: false

  registry.npmmirror.com/@vue/compiler-dom@3.3.4:
    resolution: {integrity: sha512-wyM+OjOVpuUukIq6p5+nwHYtj9cFroz9cwkfmP9O1nzH68BenTTv0u7/ndggT8cIQlnBeOo6sUT/gvHcIkLA5w==, registry: https://registry.npm.taobao.org/, tarball: https://registry.npmmirror.com/@vue/compiler-dom/-/compiler-dom-3.3.4.tgz}
    name: '@vue/compiler-dom'
    version: 3.3.4
    dependencies:
      '@vue/compiler-core': registry.npmmirror.com/@vue/compiler-core@3.3.4
      '@vue/shared': registry.npmmirror.com/@vue/shared@3.3.4
    dev: false

  registry.npmmirror.com/@vue/compiler-sfc@2.7.10:
    resolution: {integrity: sha512-55Shns6WPxlYsz4WX7q9ZJBL77sKE1ZAYNYStLs6GbhIOMrNtjMvzcob6gu3cGlfpCR4bT7NXgyJ3tly2+Hx8Q==, registry: https://registry.npm.taobao.org/, tarball: https://registry.npmmirror.com/@vue/compiler-sfc/-/compiler-sfc-2.7.10.tgz}
    name: '@vue/compiler-sfc'
    version: 2.7.10
    dependencies:
      '@babel/parser': registry.npmmirror.com/@babel/parser@7.22.14
      postcss: registry.npmmirror.com/postcss@8.4.29
      source-map: registry.npmmirror.com/source-map@0.6.1
    dev: false

  registry.npmmirror.com/@vue/compiler-sfc@3.3.4:
    resolution: {integrity: sha512-6y/d8uw+5TkCuzBkgLS0v3lSM3hJDntFEiUORM11pQ/hKvkhSKZrXW6i69UyXlJQisJxuUEJKAWEqWbWsLeNKQ==, registry: https://registry.npm.taobao.org/, tarball: https://registry.npmmirror.com/@vue/compiler-sfc/-/compiler-sfc-3.3.4.tgz}
    name: '@vue/compiler-sfc'
    version: 3.3.4
    dependencies:
      '@babel/parser': registry.npmmirror.com/@babel/parser@7.22.14
      '@vue/compiler-core': registry.npmmirror.com/@vue/compiler-core@3.3.4
      '@vue/compiler-dom': registry.npmmirror.com/@vue/compiler-dom@3.3.4
      '@vue/compiler-ssr': registry.npmmirror.com/@vue/compiler-ssr@3.3.4
      '@vue/reactivity-transform': registry.npmmirror.com/@vue/reactivity-transform@3.3.4
      '@vue/shared': registry.npmmirror.com/@vue/shared@3.3.4
      estree-walker: registry.npmmirror.com/estree-walker@2.0.2
      magic-string: registry.npmmirror.com/magic-string@0.30.3
      postcss: registry.npmmirror.com/postcss@8.4.29
      source-map-js: registry.npmmirror.com/source-map-js@1.0.2
    dev: false

  registry.npmmirror.com/@vue/compiler-ssr@3.3.4:
    resolution: {integrity: sha512-m0v6oKpup2nMSehwA6Uuu+j+wEwcy7QmwMkVNVfrV9P2qE5KshC6RwOCq8fjGS/Eak/uNb8AaWekfiXxbBB6gQ==, registry: https://registry.npm.taobao.org/, tarball: https://registry.npmmirror.com/@vue/compiler-ssr/-/compiler-ssr-3.3.4.tgz}
    name: '@vue/compiler-ssr'
    version: 3.3.4
    dependencies:
      '@vue/compiler-dom': registry.npmmirror.com/@vue/compiler-dom@3.3.4
      '@vue/shared': registry.npmmirror.com/@vue/shared@3.3.4
    dev: false

  registry.npmmirror.com/@vue/reactivity-transform@3.3.4:
    resolution: {integrity: sha512-MXgwjako4nu5WFLAjpBnCj/ieqcjE2aJBINUNQzkZQfzIZA4xn+0fV1tIYBJvvva3N3OvKGofRLvQIwEQPpaXw==, registry: https://registry.npm.taobao.org/, tarball: https://registry.npmmirror.com/@vue/reactivity-transform/-/reactivity-transform-3.3.4.tgz}
    name: '@vue/reactivity-transform'
    version: 3.3.4
    dependencies:
      '@babel/parser': registry.npmmirror.com/@babel/parser@7.22.14
      '@vue/compiler-core': registry.npmmirror.com/@vue/compiler-core@3.3.4
      '@vue/shared': registry.npmmirror.com/@vue/shared@3.3.4
      estree-walker: registry.npmmirror.com/estree-walker@2.0.2
      magic-string: registry.npmmirror.com/magic-string@0.30.3
    dev: false

  registry.npmmirror.com/@vue/reactivity@3.3.4:
    resolution: {integrity: sha512-kLTDLwd0B1jG08NBF3R5rqULtv/f8x3rOFByTDz4J53ttIQEDmALqKqXY0J+XQeN0aV2FBxY8nJDf88yvOPAqQ==, registry: https://registry.npm.taobao.org/, tarball: https://registry.npmmirror.com/@vue/reactivity/-/reactivity-3.3.4.tgz}
    name: '@vue/reactivity'
    version: 3.3.4
    dependencies:
      '@vue/shared': registry.npmmirror.com/@vue/shared@3.3.4
    dev: false

  registry.npmmirror.com/@vue/runtime-core@3.3.4:
    resolution: {integrity: sha512-R+bqxMN6pWO7zGI4OMlmvePOdP2c93GsHFM/siJI7O2nxFRzj55pLwkpCedEY+bTMgp5miZ8CxfIZo3S+gFqvA==, registry: https://registry.npm.taobao.org/, tarball: https://registry.npmmirror.com/@vue/runtime-core/-/runtime-core-3.3.4.tgz}
    name: '@vue/runtime-core'
    version: 3.3.4
    dependencies:
      '@vue/reactivity': registry.npmmirror.com/@vue/reactivity@3.3.4
      '@vue/shared': registry.npmmirror.com/@vue/shared@3.3.4
    dev: false

  registry.npmmirror.com/@vue/runtime-dom@3.3.4:
    resolution: {integrity: sha512-Aj5bTJ3u5sFsUckRghsNjVTtxZQ1OyMWCr5dZRAPijF/0Vy4xEoRCwLyHXcj4D0UFbJ4lbx3gPTgg06K/GnPnQ==, registry: https://registry.npm.taobao.org/, tarball: https://registry.npmmirror.com/@vue/runtime-dom/-/runtime-dom-3.3.4.tgz}
    name: '@vue/runtime-dom'
    version: 3.3.4
    dependencies:
      '@vue/runtime-core': registry.npmmirror.com/@vue/runtime-core@3.3.4
      '@vue/shared': registry.npmmirror.com/@vue/shared@3.3.4
      csstype: registry.npmmirror.com/csstype@3.1.2
    dev: false

  registry.npmmirror.com/@vue/server-renderer@3.3.4(vue@3.3.4):
    resolution: {integrity: sha512-Q6jDDzR23ViIb67v+vM1Dqntu+HUexQcsWKhhQa4ARVzxOY2HbC7QRW/ggkDBd5BU+uM1sV6XOAP0b216o34JQ==, registry: https://registry.npm.taobao.org/, tarball: https://registry.npmmirror.com/@vue/server-renderer/-/server-renderer-3.3.4.tgz}
    id: registry.npmmirror.com/@vue/server-renderer/3.3.4
    name: '@vue/server-renderer'
    version: 3.3.4
    peerDependencies:
      vue: 3.3.4
    dependencies:
      '@vue/compiler-ssr': registry.npmmirror.com/@vue/compiler-ssr@3.3.4
      '@vue/shared': registry.npmmirror.com/@vue/shared@3.3.4
      vue: registry.npmmirror.com/vue@3.3.4
    dev: false

  registry.npmmirror.com/@vue/shared@3.3.4:
    resolution: {integrity: sha512-7OjdcV8vQ74eiz1TZLzZP4JwqM5fA94K6yntPS5Z25r9HDuGNzaGdgvwKYq6S+MxwF0TFRwe50fIR/MYnakdkQ==, registry: https://registry.npm.taobao.org/, tarball: https://registry.npmmirror.com/@vue/shared/-/shared-3.3.4.tgz}
    name: '@vue/shared'
    version: 3.3.4
    dev: false

  registry.npmmirror.com/@vueuse/core@9.13.0(vue@2.6.0):
    resolution: {integrity: sha512-pujnclbeHWxxPRqXWmdkKV5OX4Wk4YeK7wusHqRwU0Q7EFusHoqNA/aPhB6KCh9hEqJkLAJo7bb0Lh9b+OIVzw==, registry: https://registry.npm.taobao.org/, tarball: https://registry.npmmirror.com/@vueuse/core/-/core-9.13.0.tgz}
    id: registry.npmmirror.com/@vueuse/core/9.13.0
    name: '@vueuse/core'
    version: 9.13.0
    dependencies:
      '@types/web-bluetooth': registry.npmmirror.com/@types/web-bluetooth@0.0.16
      '@vueuse/metadata': registry.npmmirror.com/@vueuse/metadata@9.13.0
      '@vueuse/shared': registry.npmmirror.com/@vueuse/shared@9.13.0(vue@2.6.0)
      vue-demi: registry.npmmirror.com/vue-demi@0.13.11(vue@2.6.0)
    transitivePeerDependencies:
      - '@vue/composition-api'
      - vue
    dev: false

  registry.npmmirror.com/@vueuse/core@9.13.0(vue@3.3.4):
    resolution: {integrity: sha512-pujnclbeHWxxPRqXWmdkKV5OX4Wk4YeK7wusHqRwU0Q7EFusHoqNA/aPhB6KCh9hEqJkLAJo7bb0Lh9b+OIVzw==, registry: https://registry.npm.taobao.org/, tarball: https://registry.npmmirror.com/@vueuse/core/-/core-9.13.0.tgz}
    id: registry.npmmirror.com/@vueuse/core/9.13.0
    name: '@vueuse/core'
    version: 9.13.0
    dependencies:
      '@types/web-bluetooth': registry.npmmirror.com/@types/web-bluetooth@0.0.16
      '@vueuse/metadata': registry.npmmirror.com/@vueuse/metadata@9.13.0
      '@vueuse/shared': registry.npmmirror.com/@vueuse/shared@9.13.0(vue@3.3.4)
      vue-demi: registry.npmmirror.com/vue-demi@0.13.11(vue@3.3.4)
    transitivePeerDependencies:
      - '@vue/composition-api'
      - vue
    dev: false

  registry.npmmirror.com/@vueuse/metadata@9.13.0:
    resolution: {integrity: sha512-gdU7TKNAUVlXXLbaF+ZCfte8BjRJQWPCa2J55+7/h+yDtzw3vOoGQDRXzI6pyKyo6bXFT5/QoPE4hAknExjRLQ==, registry: https://registry.npm.taobao.org/, tarball: https://registry.npmmirror.com/@vueuse/metadata/-/metadata-9.13.0.tgz}
    name: '@vueuse/metadata'
    version: 9.13.0
    dev: false

  registry.npmmirror.com/@vueuse/shared@9.13.0(vue@2.6.0):
    resolution: {integrity: sha512-UrnhU+Cnufu4S6JLCPZnkWh0WwZGUp72ktOF2DFptMlOs3TOdVv8xJN53zhHGARmVOsz5KqOls09+J1NR6sBKw==, registry: https://registry.npm.taobao.org/, tarball: https://registry.npmmirror.com/@vueuse/shared/-/shared-9.13.0.tgz}
    id: registry.npmmirror.com/@vueuse/shared/9.13.0
    name: '@vueuse/shared'
    version: 9.13.0
    dependencies:
      vue-demi: registry.npmmirror.com/vue-demi@0.13.11(vue@2.6.0)
    transitivePeerDependencies:
      - '@vue/composition-api'
      - vue
    dev: false

  registry.npmmirror.com/@vueuse/shared@9.13.0(vue@3.3.4):
    resolution: {integrity: sha512-UrnhU+Cnufu4S6JLCPZnkWh0WwZGUp72ktOF2DFptMlOs3TOdVv8xJN53zhHGARmVOsz5KqOls09+J1NR6sBKw==, registry: https://registry.npm.taobao.org/, tarball: https://registry.npmmirror.com/@vueuse/shared/-/shared-9.13.0.tgz}
    id: registry.npmmirror.com/@vueuse/shared/9.13.0
    name: '@vueuse/shared'
    version: 9.13.0
    dependencies:
      vue-demi: registry.npmmirror.com/vue-demi@0.13.11(vue@3.3.4)
    transitivePeerDependencies:
      - '@vue/composition-api'
      - vue
    dev: false

  registry.npmmirror.com/balanced-match@1.0.2:
    resolution: {integrity: sha512-3oSeUO0TMV67hN1AmbXsK4yaqU7tjiHlbxRDZOpH0KW9+CeX4bRAaX0Anxt0tx2MrpRpWwQaPwIlISEJhYU5Pw==, registry: https://registry.npm.taobao.org/, tarball: https://registry.npmmirror.com/balanced-match/-/balanced-match-1.0.2.tgz}
    name: balanced-match
    version: 1.0.2
    dev: false

  registry.npmmirror.com/brace-expansion@2.0.1:
    resolution: {integrity: sha512-XnAIvQ8eM+kC6aULx6wuQiwVsnzsi9d3WxzV3FpWTGA19F621kwdbsAcFKXgKUHZWsy+mY6iL1sHTxWEFCytDA==, registry: https://registry.npm.taobao.org/, tarball: https://registry.npmmirror.com/brace-expansion/-/brace-expansion-2.0.1.tgz}
    name: brace-expansion
    version: 2.0.1
    dependencies:
      balanced-match: registry.npmmirror.com/balanced-match@1.0.2
    dev: false

  registry.npmmirror.com/csstype@3.1.2:
    resolution: {integrity: sha512-I7K1Uu0MBPzaFKg4nI5Q7Vs2t+3gWWW648spaF+Rg7pI9ds18Ugn+lvg4SHczUdKlHI5LWBXyqfS8+DufyBsgQ==, registry: https://registry.npm.taobao.org/, tarball: https://registry.npmmirror.com/csstype/-/csstype-3.1.2.tgz}
    name: csstype
    version: 3.1.2
    dev: false

  registry.npmmirror.com/estree-walker@2.0.2:
    resolution: {integrity: sha512-Rfkk/Mp/DL7JVje3u18FxFujQlTNR2q6QfMSMB7AvCBx91NGj/ba3kCfza0f6dVDbw7YlRf/nDrn7pQrCCyQ/w==, registry: https://registry.npm.taobao.org/, tarball: https://registry.npmmirror.com/estree-walker/-/estree-walker-2.0.2.tgz}
    name: estree-walker
    version: 2.0.2
    dev: false

  registry.npmmirror.com/fs.realpath@1.0.0:
    resolution: {integrity: sha512-OO0pH2lK6a0hZnAdau5ItzHPI6pUlvI7jMVnxUQRtw4owF2wk8lOSabtGDCTP4Ggrg2MbGnWO9X8K1t4+fGMDw==, registry: https://registry.npm.taobao.org/, tarball: https://registry.npmmirror.com/fs.realpath/-/fs.realpath-1.0.0.tgz}
    name: fs.realpath
    version: 1.0.0
    dev: false

  registry.npmmirror.com/glob@9.2.1:
    resolution: {integrity: sha512-Pxxgq3W0HyA3XUvSXcFhRSs+43Jsx0ddxcFrbjxNGkL2Ak5BAUBxLqI5G6ADDeCHLfzzXFhe0b1yYcctGmytMA==, registry: https://registry.npm.taobao.org/, tarball: https://registry.npmmirror.com/glob/-/glob-9.2.1.tgz}
    name: glob
    version: 9.2.1
    engines: {node: '>=16 || 14 >=14.17'}
    dependencies:
      fs.realpath: registry.npmmirror.com/fs.realpath@1.0.0
      minimatch: registry.npmmirror.com/minimatch@7.4.2
      minipass: registry.npmmirror.com/minipass@4.2.4
      path-scurry: registry.npmmirror.com/path-scurry@1.6.1
    dev: false

  registry.npmmirror.com/lodash@4.17.21:
    resolution: {integrity: sha512-v2kDEe57lecTulaDIuNTPy3Ry4gLGJ6Z1O3vE1krgXZNrsQ+LFTGHVxVjcXPs17LhbZVGedAJv8XZ1tvj5FvSg==, registry: https://registry.npm.taobao.org/, tarball: https://registry.npmmirror.com/lodash/-/lodash-4.17.21.tgz}
    name: lodash
    version: 4.17.21
    dev: false

  registry.npmmirror.com/lru-cache@7.18.1:
    resolution: {integrity: sha512-8/HcIENyQnfUTCDizRu9rrDyG6XG/21M4X7/YEGZeD76ZJilFPAUVb/2zysFf7VVO1LEjCDFyHp8pMMvozIrvg==, registry: https://registry.npm.taobao.org/, tarball: https://registry.npmmirror.com/lru-cache/-/lru-cache-7.18.1.tgz}
    name: lru-cache
    version: 7.18.1
    engines: {node: '>=12'}
    dev: false

  registry.npmmirror.com/magic-string@0.30.3:
    resolution: {integrity: sha512-B7xGbll2fG/VjP+SWg4sX3JynwIU0mjoTc6MPpKNuIvftk6u6vqhDnk1R80b8C2GBR6ywqy+1DcKBrevBg+bmw==, registry: https://registry.npm.taobao.org/, tarball: https://registry.npmmirror.com/magic-string/-/magic-string-0.30.3.tgz}
    name: magic-string
    version: 0.30.3
    engines: {node: '>=12'}
    dependencies:
      '@jridgewell/sourcemap-codec': registry.npmmirror.com/@jridgewell/sourcemap-codec@1.4.15
    dev: false

  registry.npmmirror.com/minimatch@7.4.2:
    resolution: {integrity: sha512-xy4q7wou3vUoC9k1xGTXc+awNdGaGVHtFUaey8tiX4H1QRc04DZ/rmDFwNm2EBsuYEhAZ6SgMmYf3InGY6OauA==, registry: https://registry.npm.taobao.org/, tarball: https://registry.npmmirror.com/minimatch/-/minimatch-7.4.2.tgz}
    name: minimatch
    version: 7.4.2
    engines: {node: '>=10'}
    dependencies:
      brace-expansion: registry.npmmirror.com/brace-expansion@2.0.1
    dev: false

  registry.npmmirror.com/minipass@4.2.4:
    resolution: {integrity: sha512-lwycX3cBMTvcejsHITUgYj6Gy6A7Nh4Q6h9NP4sTHY1ccJlC7yKzDmiShEHsJ16Jf1nKGDEaiHxiltsJEvk0nQ==, registry: https://registry.npm.taobao.org/, tarball: https://registry.npmmirror.com/minipass/-/minipass-4.2.4.tgz}
    name: minipass
    version: 4.2.4
    engines: {node: '>=8'}
    dev: false

  registry.npmmirror.com/nanoid@3.3.6:
    resolution: {integrity: sha512-BGcqMMJuToF7i1rt+2PWSNVnWIkGCU78jBG3RxO/bZlnZPK2Cmi2QaffxGO/2RvWi9sL+FAiRiXMgsyxQ1DIDA==, registry: https://registry.npm.taobao.org/, tarball: https://registry.npmmirror.com/nanoid/-/nanoid-3.3.6.tgz}
    name: nanoid
    version: 3.3.6
    engines: {node: ^10 || ^12 || ^13.7 || ^14 || >=15.0.1}
    hasBin: true
    dev: false

  registry.npmmirror.com/path-scurry@1.6.1:
    resolution: {integrity: sha512-OW+5s+7cw6253Q4E+8qQ/u1fVvcJQCJo/VFD8pje+dbJCF1n5ZRMV2AEHbGp+5Q7jxQIYJxkHopnj6nzdGeZLA==, registry: https://registry.npm.taobao.org/, tarball: https://registry.npmmirror.com/path-scurry/-/path-scurry-1.6.1.tgz}
    name: path-scurry
    version: 1.6.1
    engines: {node: '>=14'}
    dependencies:
      lru-cache: registry.npmmirror.com/lru-cache@7.18.1
      minipass: registry.npmmirror.com/minipass@4.2.4
    dev: false

  registry.npmmirror.com/picocolors@1.0.0:
    resolution: {integrity: sha512-1fygroTLlHu66zi26VoTDv8yRgm0Fccecssto+MhsZ0D/DGW2sm8E8AjW7NU5VVTRt5GxbeZ5qBuJr+HyLYkjQ==, registry: https://registry.npm.taobao.org/, tarball: https://registry.npmmirror.com/picocolors/-/picocolors-1.0.0.tgz}
    name: picocolors
    version: 1.0.0
    dev: false

  registry.npmmirror.com/postcss@8.4.29:
    resolution: {integrity: sha512-cbI+jaqIeu/VGqXEarWkRCCffhjgXc0qjBtXpqJhTBohMUjUQnbBr0xqX3vEKudc4iviTewcJo5ajcec5+wdJw==, registry: https://registry.npm.taobao.org/, tarball: https://registry.npmmirror.com/postcss/-/postcss-8.4.29.tgz}
    name: postcss
    version: 8.4.29
    engines: {node: ^10 || ^12 || >=14}
    dependencies:
      nanoid: registry.npmmirror.com/nanoid@3.3.6
      picocolors: registry.npmmirror.com/picocolors@1.0.0
      source-map-js: registry.npmmirror.com/source-map-js@1.0.2
    dev: false

  registry.npmmirror.com/rimraf@4.2.0:
    resolution: {integrity: sha512-tPt+gLORNVqRCk0NwuJ5SlMEcOGvt4CCU8sUPqgCFtCbnoNCTd9Q6vq7JlBbxQlACiH14OR28y7piA2Bak9Sxw==, registry: https://registry.npm.taobao.org/, tarball: https://registry.npmmirror.com/rimraf/-/rimraf-4.2.0.tgz}
    name: rimraf
    version: 4.2.0
    engines: {node: '>=14'}
    hasBin: true
    dependencies:
      glob: registry.npmmirror.com/glob@9.2.1
    dev: false

  registry.npmmirror.com/source-map-js@1.0.2:
    resolution: {integrity: sha512-R0XvVJ9WusLiqTCEiGCmICCMplcCkIwwR11mOSD9CR5u+IXYdiseeEuXCVAjS54zqwkLcPNnmU4OeJ6tUrWhDw==, registry: https://registry.npm.taobao.org/, tarball: https://registry.npmmirror.com/source-map-js/-/source-map-js-1.0.2.tgz}
    name: source-map-js
    version: 1.0.2
    engines: {node: '>=0.10.0'}
    dev: false

  registry.npmmirror.com/source-map@0.6.1:
    resolution: {integrity: sha512-UjgapumWlbMhkBgzT7Ykc5YXUT46F0iKu8SGXq0bcwP5dz/h0Plj6enJqjz1Zbq2l5WaqYnrVbwWOWMyF3F47g==, registry: https://registry.npm.taobao.org/, tarball: https://registry.npmmirror.com/source-map/-/source-map-0.6.1.tgz}
    name: source-map
    version: 0.6.1
    engines: {node: '>=0.10.0'}
    dev: false

  registry.npmmirror.com/to-fast-properties@2.0.0:
    resolution: {integrity: sha512-/OaKK0xYrs3DmxRYqL/yDc+FxFUVYhDlXMhRmv3z915w2HF1tnN1omB354j8VUGO/hbRzyD6Y3sA7v7GS/ceog==, registry: https://registry.npm.taobao.org/, tarball: https://registry.npmmirror.com/to-fast-properties/-/to-fast-properties-2.0.0.tgz}
    name: to-fast-properties
    version: 2.0.0
    engines: {node: '>=4'}
    dev: false

  registry.npmmirror.com/vue-demi@0.13.11(vue@2.6.0):
    resolution: {integrity: sha512-IR8HoEEGM65YY3ZJYAjMlKygDQn25D5ajNFNoKh9RSDMQtlzCxtfQjdQgv9jjK+m3377SsJXY8ysq8kLCZL25A==, registry: https://registry.npm.taobao.org/, tarball: https://registry.npmmirror.com/vue-demi/-/vue-demi-0.13.11.tgz}
    id: registry.npmmirror.com/vue-demi/0.13.11
    name: vue-demi
    version: 0.13.11
    engines: {node: '>=12'}
    hasBin: true
    requiresBuild: true
    peerDependencies:
      '@vue/composition-api': ^1.0.0-rc.1
      vue: ^3.0.0-0 || ^2.6.0
    peerDependenciesMeta:
      '@vue/composition-api':
        optional: true
    dependencies:
      vue: registry.npmmirror.com/vue@2.6.0
    dev: false

  registry.npmmirror.com/vue-demi@0.13.11(vue@3.3.4):
    resolution: {integrity: sha512-IR8HoEEGM65YY3ZJYAjMlKygDQn25D5ajNFNoKh9RSDMQtlzCxtfQjdQgv9jjK+m3377SsJXY8ysq8kLCZL25A==, registry: https://registry.npm.taobao.org/, tarball: https://registry.npmmirror.com/vue-demi/-/vue-demi-0.13.11.tgz}
    id: registry.npmmirror.com/vue-demi/0.13.11
    name: vue-demi
    version: 0.13.11
    engines: {node: '>=12'}
    hasBin: true
    requiresBuild: true
    peerDependencies:
      '@vue/composition-api': ^1.0.0-rc.1
      vue: ^3.0.0-0 || ^2.6.0
    peerDependenciesMeta:
      '@vue/composition-api':
        optional: true
    dependencies:
      vue: registry.npmmirror.com/vue@3.3.4
    dev: false

  registry.npmmirror.com/vue@2.6.0:
    resolution: {integrity: sha512-QSKHpmV17wqDmS5jVCc8X9LyTcCCQP4M1RTRpLBO+hRveePduJaGz1FGjVpRVcE6cKYbhsooz6RW7GWLGNjKGg==, registry: https://registry.npm.taobao.org/, tarball: https://registry.npmmirror.com/vue/-/vue-2.6.0.tgz}
    name: vue
    version: 2.6.0
    dev: false

  registry.npmmirror.com/vue@2.6.14:
    resolution: {integrity: sha512-x2284lgYvjOMj3Za7kqzRcUSxBboHqtgRE2zlos1qWaOye5yUmHn42LB1250NJBLRwEcdrB0JRwyPTEPhfQjiQ==, registry: https://registry.npm.taobao.org/, tarball: https://registry.npmmirror.com/vue/-/vue-2.6.14.tgz}
    name: vue
    version: 2.6.14
    dev: false

  registry.npmmirror.com/vue@2.7.10:
    resolution: {integrity: sha512-HmFC70qarSHPXcKtW8U8fgIkF6JGvjEmDiVInTkKZP0gIlEPhlVlcJJLkdGIDiNkIeA2zJPQTWJUI4iWe+AVfg==, registry: https://registry.npm.taobao.org/, tarball: https://registry.npmmirror.com/vue/-/vue-2.7.10.tgz}
    name: vue
    version: 2.7.10
    dependencies:
      '@vue/compiler-sfc': registry.npmmirror.com/@vue/compiler-sfc@2.7.10
      csstype: registry.npmmirror.com/csstype@3.1.2
    dev: false

  registry.npmmirror.com/vue@3.3.4:
    resolution: {integrity: sha512-VTyEYn3yvIeY1Py0WaYGZsXnz3y5UnGi62GjVEqvEGPl6nxbOrCXbVOTQWBEJUqAyTUk2uJ5JLVnYJ6ZzGbrSw==, registry: https://registry.npm.taobao.org/, tarball: https://registry.npmmirror.com/vue/-/vue-3.3.4.tgz}
    name: vue
    version: 3.3.4
    dependencies:
      '@vue/compiler-dom': registry.npmmirror.com/@vue/compiler-dom@3.3.4
      '@vue/compiler-sfc': registry.npmmirror.com/@vue/compiler-sfc@3.3.4
      '@vue/runtime-dom': registry.npmmirror.com/@vue/runtime-dom@3.3.4
      '@vue/server-renderer': registry.npmmirror.com/@vue/server-renderer@3.3.4(vue@3.3.4)
      '@vue/shared': registry.npmmirror.com/@vue/shared@3.3.4
    dev: false
